
Microsoft Visual Studio Solution File, Format Version 12.00
# Visual Studio Version 17
VisualStudioVersion = 17.12.35527.113
MinimumVisualStudioVersion = 10.0.40219.1
Project("{FAE04EC0-301F-11D3-BF4B-00C04F79EFBC}") = "API", "API\API.csproj", "{CFADEACB-7297-4C14-B7F0-CA43837452B9}"
EndProject
Project("{FAE04EC0-301F-11D3-BF4B-00C04F79EFBC}") = "Core", "Core\Core.csproj", "{953E4C0B-4617-4721-9A43-62EA0FBC3DB9}"
EndProject
Project("{FAE04EC0-301F-11D3-BF4B-00C04F79EFBC}") = "Infrastructure", "Infrastructure\Infrastructure.csproj", "{9D87EC4D-2E6A-4663-8A67-FA6883E4E98A}"
EndProject
Project("{E53339B2-1760-4266-BCC7-CA923CBCF16C}") = "docker-compose", "docker-compose.dcproj", "{C4B0C615-3899-4BCE-8FD9-F0CF354404B5}"
EndProject
Global
	GlobalSection(SolutionConfigurationPlatforms) = preSolution
		Debug|Any CPU = Debug|Any CPU
		Release|Any CPU = Release|Any CPU
	EndGlobalSection
	GlobalSection(ProjectConfigurationPlatforms) = postSolution
		{CFADEACB-7297-4C14-B7F0-CA43837452B9}.Debug|Any CPU.ActiveCfg = Debug|Any CPU
		{CFADEACB-7297-4C14-B7F0-CA43837452B9}.Debug|Any CPU.Build.0 = Debug|Any CPU
		{CFADEACB-7297-4C14-B7F0-CA43837452B9}.Release|Any CPU.ActiveCfg = Release|Any CPU
		{CFADEACB-7297-4C14-B7F0-CA43837452B9}.Release|Any CPU.Build.0 = Release|Any CPU
		{953E4C0B-4617-4721-9A43-62EA0FBC3DB9}.Debug|Any CPU.ActiveCfg = Debug|Any CPU
		{953E4C0B-4617-4721-9A43-62EA0FBC3DB9}.Debug|Any CPU.Build.0 = Debug|Any CPU
		{953E4C0B-4617-4721-9A43-62EA0FBC3DB9}.Release|Any CPU.ActiveCfg = Release|Any CPU
		{953E4C0B-4617-4721-9A43-62EA0FBC3DB9}.Release|Any CPU.Build.0 = Release|Any CPU
		{9D87EC4D-2E6A-4663-8A67-FA6883E4E98A}.Debug|Any CPU.ActiveCfg = Debug|Any CPU
		{9D87EC4D-2E6A-4663-8A67-FA6883E4E98A}.Debug|Any CPU.Build.0 = Debug|Any CPU
		{9D87EC4D-2E6A-4663-8A67-FA6883E4E98A}.Release|Any CPU.ActiveCfg = Release|Any CPU
		{9D87EC4D-2E6A-4663-8A67-FA6883E4E98A}.Release|Any CPU.Build.0 = Release|Any CPU
		{C4B0C615-3899-4BCE-8FD9-F0CF354404B5}.Debug|Any CPU.ActiveCfg = Debug|Any CPU
		{C4B0C615-3899-4BCE-8FD9-F0CF354404B5}.Debug|Any CPU.Build.0 = Debug|Any CPU
		{C4B0C615-3899-4BCE-8FD9-F0CF354404B5}.Release|Any CPU.ActiveCfg = Release|Any CPU
		{C4B0C615-3899-4BCE-8FD9-F0CF354404B5}.Release|Any CPU.Build.0 = Release|Any CPU
	EndGlobalSection
	GlobalSection(SolutionProperties) = preSolution
		HideSolutionNode = FALSE
	EndGlobalSection
EndGlobal
